
Microsoft Visual Studio Solution File, Format Version 12.00
# Visual Studio 15
VisualStudioVersion = 15.0.26228.4
MinimumVisualStudioVersion = 10.0.40219.1
Project("{9A19103F-16F7-4668-BE54-9A1E7A4F7556}") = "Busey.Core", "Busey.Core\Busey.Core.csproj", "{0B379F05-F13D-4933-A3FE-F3CD483ECC30}"
EndProject
Project("{9A19103F-16F7-4668-BE54-9A1E7A4F7556}") = "Busey.Core.RabbitMq", "Busey.Core.RabbitMq\Busey.Core.RabbitMq.csproj", "{96CFF2E0-9864-4B1F-A009-E6D08D593043}"
EndProject
Global
	GlobalSection(SolutionConfigurationPlatforms) = preSolution
		Debug|Any CPU = Debug|Any CPU
		Release|Any CPU = Release|Any CPU
	EndGlobalSection
	GlobalSection(ProjectConfigurationPlatforms) = postSolution
		{0B379F05-F13D-4933-A3FE-F3CD483ECC30}.Debug|Any CPU.ActiveCfg = Debug|Any CPU
		{0B379F05-F13D-4933-A3FE-F3CD483ECC30}.Debug|Any CPU.Build.0 = Debug|Any CPU
		{0B379F05-F13D-4933-A3FE-F3CD483ECC30}.Release|Any CPU.ActiveCfg = Release|Any CPU
		{0B379F05-F13D-4933-A3FE-F3CD483ECC30}.Release|Any CPU.Build.0 = Release|Any CPU
		{96CFF2E0-9864-4B1F-A009-E6D08D593043}.Debug|Any CPU.ActiveCfg = Debug|Any CPU
		{96CFF2E0-9864-4B1F-A009-E6D08D593043}.Debug|Any CPU.Build.0 = Debug|Any CPU
		{96CFF2E0-9864-4B1F-A009-E6D08D593043}.Release|Any CPU.ActiveCfg = Release|Any CPU
		{96CFF2E0-9864-4B1F-A009-E6D08D593043}.Release|Any CPU.Build.0 = Release|Any CPU
	EndGlobalSection
	GlobalSection(SolutionProperties) = preSolution
		HideSolutionNode = FALSE
	EndGlobalSection
EndGlobal
