
Microsoft Visual Studio Solution File, Format Version 12.00
# Visual Studio 15
VisualStudioVersion = 15.0.26228.4
MinimumVisualStudioVersion = 10.0.40219.1
Project("{FAE04EC0-301F-11D3-BF4B-00C04F79EFBC}") = "Busey.Core", "Busey.Core\Busey.Core.csproj", "{0B379F05-F13D-4933-A3FE-F3CD483ECC30}"
EndProject
Project("{FAE04EC0-301F-11D3-BF4B-00C04F79EFBC}") = "Busey.Core.RabbitMq", "Busey.Core.RabbitMq\Busey.Core.RabbitMq.csproj", "{96CFF2E0-9864-4B1F-A009-E6D08D593043}"
EndProject
Project("{2150E333-8FDC-42A3-9474-1A3956D46DE8}") = "Samples", "Samples", "{FCED51F5-581D-47B0-AA64-8133AB9D511E}"
EndProject
Project("{2150E333-8FDC-42A3-9474-1A3956D46DE8}") = "RabbitMq", "RabbitMq", "{BD008E33-6539-4584-AB55-4304FAD8B1F2}"
EndProject
Project("{FAE04EC0-301F-11D3-BF4B-00C04F79EFBC}") = "Buse.RabbitMq.Test.Contracts", "Buse.RabbitMq.Test.Contracts\Buse.RabbitMq.Test.Contracts.csproj", "{1013CE15-3F10-4397-BBA3-C7263BF76C53}"
EndProject
Project("{FAE04EC0-301F-11D3-BF4B-00C04F79EFBC}") = "Busey.RabbitMq.Test.Sender", "Busey.RabbitMq.Test.Sender\Busey.RabbitMq.Test.Sender.csproj", "{57ED3B40-97E0-4A76-B388-22019C97994A}"
EndProject
Project("{FAE04EC0-301F-11D3-BF4B-00C04F79EFBC}") = "Busety.RabbitMq.Test.Reviever", "Busety.RabbitMq.Test.Reviever\Busety.RabbitMq.Test.Reviever.csproj", "{24A681A2-3CCB-4AA2-A262-10FB44406299}"
EndProject
Global
	GlobalSection(SolutionConfigurationPlatforms) = preSolution
		Debug|Any CPU = Debug|Any CPU
		Release|Any CPU = Release|Any CPU
	EndGlobalSection
	GlobalSection(ProjectConfigurationPlatforms) = postSolution
		{0B379F05-F13D-4933-A3FE-F3CD483ECC30}.Debug|Any CPU.ActiveCfg = Debug|Any CPU
		{0B379F05-F13D-4933-A3FE-F3CD483ECC30}.Debug|Any CPU.Build.0 = Debug|Any CPU
		{0B379F05-F13D-4933-A3FE-F3CD483ECC30}.Release|Any CPU.ActiveCfg = Release|Any CPU
		{0B379F05-F13D-4933-A3FE-F3CD483ECC30}.Release|Any CPU.Build.0 = Release|Any CPU
		{96CFF2E0-9864-4B1F-A009-E6D08D593043}.Debug|Any CPU.ActiveCfg = Debug|Any CPU
		{96CFF2E0-9864-4B1F-A009-E6D08D593043}.Debug|Any CPU.Build.0 = Debug|Any CPU
		{96CFF2E0-9864-4B1F-A009-E6D08D593043}.Release|Any CPU.ActiveCfg = Release|Any CPU
		{96CFF2E0-9864-4B1F-A009-E6D08D593043}.Release|Any CPU.Build.0 = Release|Any CPU
		{1013CE15-3F10-4397-BBA3-C7263BF76C53}.Debug|Any CPU.ActiveCfg = Debug|Any CPU
		{1013CE15-3F10-4397-BBA3-C7263BF76C53}.Debug|Any CPU.Build.0 = Debug|Any CPU
		{1013CE15-3F10-4397-BBA3-C7263BF76C53}.Release|Any CPU.ActiveCfg = Release|Any CPU
		{1013CE15-3F10-4397-BBA3-C7263BF76C53}.Release|Any CPU.Build.0 = Release|Any CPU
		{57ED3B40-97E0-4A76-B388-22019C97994A}.Debug|Any CPU.ActiveCfg = Debug|Any CPU
		{57ED3B40-97E0-4A76-B388-22019C97994A}.Debug|Any CPU.Build.0 = Debug|Any CPU
		{57ED3B40-97E0-4A76-B388-22019C97994A}.Release|Any CPU.ActiveCfg = Release|Any CPU
		{57ED3B40-97E0-4A76-B388-22019C97994A}.Release|Any CPU.Build.0 = Release|Any CPU
		{24A681A2-3CCB-4AA2-A262-10FB44406299}.Debug|Any CPU.ActiveCfg = Debug|Any CPU
		{24A681A2-3CCB-4AA2-A262-10FB44406299}.Debug|Any CPU.Build.0 = Debug|Any CPU
		{24A681A2-3CCB-4AA2-A262-10FB44406299}.Release|Any CPU.ActiveCfg = Release|Any CPU
		{24A681A2-3CCB-4AA2-A262-10FB44406299}.Release|Any CPU.Build.0 = Release|Any CPU
	EndGlobalSection
	GlobalSection(SolutionProperties) = preSolution
		HideSolutionNode = FALSE
	EndGlobalSection
	GlobalSection(NestedProjects) = preSolution
		{BD008E33-6539-4584-AB55-4304FAD8B1F2} = {FCED51F5-581D-47B0-AA64-8133AB9D511E}
		{1013CE15-3F10-4397-BBA3-C7263BF76C53} = {BD008E33-6539-4584-AB55-4304FAD8B1F2}
		{57ED3B40-97E0-4A76-B388-22019C97994A} = {BD008E33-6539-4584-AB55-4304FAD8B1F2}
		{24A681A2-3CCB-4AA2-A262-10FB44406299} = {BD008E33-6539-4584-AB55-4304FAD8B1F2}
	EndGlobalSection
EndGlobal
